
Microsoft Visual Studio Solution File, Format Version 12.00
# Visual Studio Version 16
VisualStudioVersion = 16.0.30523.141
MinimumVisualStudioVersion = 10.0.40219.1
Project("{9A19103F-16F7-4668-BE54-9A1E7A4F7556}") = "Api", "Api\Api.csproj", "{508EB88F-4B85-4E14-A51A-FE796AC051E5}"
EndProject
Project("{9A19103F-16F7-4668-BE54-9A1E7A4F7556}") = "Domain", "Domain\Domain.csproj", "{1981D510-CD12-43C1-AFDE-57A2C4D7F5C6}"
EndProject
Project("{9A19103F-16F7-4668-BE54-9A1E7A4F7556}") = "Application", "Application\Application.csproj", "{A46FA3CB-EFCA-486F-85AB-369E36ADC8AF}"
EndProject
Project("{2150E333-8FDC-42A3-9474-1A3956D46DE8}") = "Solution Items", "Solution Items", "{DB5E29FD-3AA9-4939-83DA-67C0E092E5A9}"
EndProject
Project("{9A19103F-16F7-4668-BE54-9A1E7A4F7556}") = "Attributes", "Attributes\Attributes.csproj", "{75BCCDA6-0849-4DC2-8D2C-A7D97CA6951F}"
EndProject
Project("{9A19103F-16F7-4668-BE54-9A1E7A4F7556}") = "UnitOfWork", "UnitOfWork\UnitOfWork.csproj", "{ECD20556-BF2C-4424-A214-6414BC3E7EAD}"
EndProject
Project("{9A19103F-16F7-4668-BE54-9A1E7A4F7556}") = "Data", "Data\Data.csproj", "{9EAE3C93-BDF6-444B-BF29-1F1293CA8934}"
EndProject
Project("{9A19103F-16F7-4668-BE54-9A1E7A4F7556}") = "Data.Model", "Data.Model\Data.Model.csproj", "{0E2AA086-1343-4325-873A-94CAFA8191D7}"
EndProject
Project("{9A19103F-16F7-4668-BE54-9A1E7A4F7556}") = "IoC", "IoC\IoC.csproj", "{1041B707-E794-487F-8565-E752450D187D}"
EndProject
Project("{9A19103F-16F7-4668-BE54-9A1E7A4F7556}") = "Migrations", "Migration\Migrations.csproj", "{8E0392DC-CC5F-4DF0-B005-8AE148A8F312}"
EndProject
Project("{9A19103F-16F7-4668-BE54-9A1E7A4F7556}") = "Data.Maps", "Data.Maps\Data.Maps.csproj", "{8B58391A-B4E5-40A1-9F75-57DBD8C3F61A}"
EndProject
Project("{9A19103F-16F7-4668-BE54-9A1E7A4F7556}") = "Migrations.Runner", "Migrations.Runner\Migrations.Runner.csproj", "{E7A1FA35-AADB-4159-B5DA-23341C12D953}"
EndProject
Project("{9A19103F-16F7-4668-BE54-9A1E7A4F7556}") = "ApiSettings", "Api.Settings\ApiSettings.csproj", "{2CFC4961-192F-455B-86EA-F9AB0CFA7BB6}"
EndProject
Project("{9A19103F-16F7-4668-BE54-9A1E7A4F7556}") = "Data.NHibernate", "Data.NHibernate\Data.NHibernate.csproj", "{339A6D04-5237-4C3A-A307-98CE216B386A}"
EndProject
Project("{2150E333-8FDC-42A3-9474-1A3956D46DE8}") = "UnitTests", "UnitTests", "{793A9D87-B24B-4859-B01E-0CDDCB38C572}"
EndProject
Project("{9A19103F-16F7-4668-BE54-9A1E7A4F7556}") = "Api.UnitTests", "Api.UnitTests\Api.UnitTests.csproj", "{1306F9EC-D151-4C6D-A8C3-B5F5A718F136}"
EndProject
Global
	GlobalSection(SolutionConfigurationPlatforms) = preSolution
		Debug|Any CPU = Debug|Any CPU
		Debug|x64 = Debug|x64
		Release|Any CPU = Release|Any CPU
		Release|x64 = Release|x64
	EndGlobalSection
	GlobalSection(ProjectConfigurationPlatforms) = postSolution
		{508EB88F-4B85-4E14-A51A-FE796AC051E5}.Debug|Any CPU.ActiveCfg = Debug|Any CPU
		{508EB88F-4B85-4E14-A51A-FE796AC051E5}.Debug|Any CPU.Build.0 = Debug|Any CPU
		{508EB88F-4B85-4E14-A51A-FE796AC051E5}.Debug|x64.ActiveCfg = Debug|x64
		{508EB88F-4B85-4E14-A51A-FE796AC051E5}.Debug|x64.Build.0 = Debug|x64
		{508EB88F-4B85-4E14-A51A-FE796AC051E5}.Release|Any CPU.ActiveCfg = Release|Any CPU
		{508EB88F-4B85-4E14-A51A-FE796AC051E5}.Release|Any CPU.Build.0 = Release|Any CPU
		{508EB88F-4B85-4E14-A51A-FE796AC051E5}.Release|x64.ActiveCfg = Release|x64
		{508EB88F-4B85-4E14-A51A-FE796AC051E5}.Release|x64.Build.0 = Release|x64
		{1981D510-CD12-43C1-AFDE-57A2C4D7F5C6}.Debug|Any CPU.ActiveCfg = Debug|Any CPU
		{1981D510-CD12-43C1-AFDE-57A2C4D7F5C6}.Debug|Any CPU.Build.0 = Debug|Any CPU
		{1981D510-CD12-43C1-AFDE-57A2C4D7F5C6}.Debug|x64.ActiveCfg = Debug|x64
		{1981D510-CD12-43C1-AFDE-57A2C4D7F5C6}.Debug|x64.Build.0 = Debug|x64
		{1981D510-CD12-43C1-AFDE-57A2C4D7F5C6}.Release|Any CPU.ActiveCfg = Release|Any CPU
		{1981D510-CD12-43C1-AFDE-57A2C4D7F5C6}.Release|Any CPU.Build.0 = Release|Any CPU
		{1981D510-CD12-43C1-AFDE-57A2C4D7F5C6}.Release|x64.ActiveCfg = Release|x64
		{1981D510-CD12-43C1-AFDE-57A2C4D7F5C6}.Release|x64.Build.0 = Release|x64
		{A46FA3CB-EFCA-486F-85AB-369E36ADC8AF}.Debug|Any CPU.ActiveCfg = Debug|Any CPU
		{A46FA3CB-EFCA-486F-85AB-369E36ADC8AF}.Debug|Any CPU.Build.0 = Debug|Any CPU
		{A46FA3CB-EFCA-486F-85AB-369E36ADC8AF}.Debug|x64.ActiveCfg = Debug|x64
		{A46FA3CB-EFCA-486F-85AB-369E36ADC8AF}.Debug|x64.Build.0 = Debug|x64
		{A46FA3CB-EFCA-486F-85AB-369E36ADC8AF}.Release|Any CPU.ActiveCfg = Release|Any CPU
		{A46FA3CB-EFCA-486F-85AB-369E36ADC8AF}.Release|Any CPU.Build.0 = Release|Any CPU
		{A46FA3CB-EFCA-486F-85AB-369E36ADC8AF}.Release|x64.ActiveCfg = Release|x64
		{A46FA3CB-EFCA-486F-85AB-369E36ADC8AF}.Release|x64.Build.0 = Release|x64
		{75BCCDA6-0849-4DC2-8D2C-A7D97CA6951F}.Debug|Any CPU.ActiveCfg = Debug|Any CPU
		{75BCCDA6-0849-4DC2-8D2C-A7D97CA6951F}.Debug|Any CPU.Build.0 = Debug|Any CPU
		{75BCCDA6-0849-4DC2-8D2C-A7D97CA6951F}.Debug|x64.ActiveCfg = Debug|x64
		{75BCCDA6-0849-4DC2-8D2C-A7D97CA6951F}.Debug|x64.Build.0 = Debug|x64
		{75BCCDA6-0849-4DC2-8D2C-A7D97CA6951F}.Release|Any CPU.ActiveCfg = Release|Any CPU
		{75BCCDA6-0849-4DC2-8D2C-A7D97CA6951F}.Release|Any CPU.Build.0 = Release|Any CPU
		{75BCCDA6-0849-4DC2-8D2C-A7D97CA6951F}.Release|x64.ActiveCfg = Release|x64
		{75BCCDA6-0849-4DC2-8D2C-A7D97CA6951F}.Release|x64.Build.0 = Release|x64
		{ECD20556-BF2C-4424-A214-6414BC3E7EAD}.Debug|Any CPU.ActiveCfg = Debug|Any CPU
		{ECD20556-BF2C-4424-A214-6414BC3E7EAD}.Debug|Any CPU.Build.0 = Debug|Any CPU
		{ECD20556-BF2C-4424-A214-6414BC3E7EAD}.Debug|x64.ActiveCfg = Debug|x64
		{ECD20556-BF2C-4424-A214-6414BC3E7EAD}.Debug|x64.Build.0 = Debug|x64
		{ECD20556-BF2C-4424-A214-6414BC3E7EAD}.Release|Any CPU.ActiveCfg = Release|Any CPU
		{ECD20556-BF2C-4424-A214-6414BC3E7EAD}.Release|Any CPU.Build.0 = Release|Any CPU
		{ECD20556-BF2C-4424-A214-6414BC3E7EAD}.Release|x64.ActiveCfg = Release|x64
		{ECD20556-BF2C-4424-A214-6414BC3E7EAD}.Release|x64.Build.0 = Release|x64
		{9EAE3C93-BDF6-444B-BF29-1F1293CA8934}.Debug|Any CPU.ActiveCfg = Debug|Any CPU
		{9EAE3C93-BDF6-444B-BF29-1F1293CA8934}.Debug|Any CPU.Build.0 = Debug|Any CPU
		{9EAE3C93-BDF6-444B-BF29-1F1293CA8934}.Debug|x64.ActiveCfg = Debug|x64
		{9EAE3C93-BDF6-444B-BF29-1F1293CA8934}.Debug|x64.Build.0 = Debug|x64
		{9EAE3C93-BDF6-444B-BF29-1F1293CA8934}.Release|Any CPU.ActiveCfg = Release|Any CPU
		{9EAE3C93-BDF6-444B-BF29-1F1293CA8934}.Release|Any CPU.Build.0 = Release|Any CPU
		{9EAE3C93-BDF6-444B-BF29-1F1293CA8934}.Release|x64.ActiveCfg = Release|x64
		{9EAE3C93-BDF6-444B-BF29-1F1293CA8934}.Release|x64.Build.0 = Release|x64
		{0E2AA086-1343-4325-873A-94CAFA8191D7}.Debug|Any CPU.ActiveCfg = Debug|Any CPU
		{0E2AA086-1343-4325-873A-94CAFA8191D7}.Debug|Any CPU.Build.0 = Debug|Any CPU
		{0E2AA086-1343-4325-873A-94CAFA8191D7}.Debug|x64.ActiveCfg = Debug|x64
		{0E2AA086-1343-4325-873A-94CAFA8191D7}.Debug|x64.Build.0 = Debug|x64
		{0E2AA086-1343-4325-873A-94CAFA8191D7}.Release|Any CPU.ActiveCfg = Release|Any CPU
		{0E2AA086-1343-4325-873A-94CAFA8191D7}.Release|Any CPU.Build.0 = Release|Any CPU
		{0E2AA086-1343-4325-873A-94CAFA8191D7}.Release|x64.ActiveCfg = Release|x64
		{0E2AA086-1343-4325-873A-94CAFA8191D7}.Release|x64.Build.0 = Release|x64
		{1041B707-E794-487F-8565-E752450D187D}.Debug|Any CPU.ActiveCfg = Debug|Any CPU
		{1041B707-E794-487F-8565-E752450D187D}.Debug|Any CPU.Build.0 = Debug|Any CPU
		{1041B707-E794-487F-8565-E752450D187D}.Debug|x64.ActiveCfg = Debug|x64
		{1041B707-E794-487F-8565-E752450D187D}.Debug|x64.Build.0 = Debug|x64
		{1041B707-E794-487F-8565-E752450D187D}.Release|Any CPU.ActiveCfg = Release|Any CPU
		{1041B707-E794-487F-8565-E752450D187D}.Release|Any CPU.Build.0 = Release|Any CPU
		{1041B707-E794-487F-8565-E752450D187D}.Release|x64.ActiveCfg = Release|x64
		{1041B707-E794-487F-8565-E752450D187D}.Release|x64.Build.0 = Release|x64
		{8E0392DC-CC5F-4DF0-B005-8AE148A8F312}.Debug|Any CPU.ActiveCfg = Debug|Any CPU
		{8E0392DC-CC5F-4DF0-B005-8AE148A8F312}.Debug|Any CPU.Build.0 = Debug|Any CPU
		{8E0392DC-CC5F-4DF0-B005-8AE148A8F312}.Debug|x64.ActiveCfg = Debug|x64
		{8E0392DC-CC5F-4DF0-B005-8AE148A8F312}.Debug|x64.Build.0 = Debug|x64
		{8E0392DC-CC5F-4DF0-B005-8AE148A8F312}.Release|Any CPU.ActiveCfg = Release|Any CPU
		{8E0392DC-CC5F-4DF0-B005-8AE148A8F312}.Release|Any CPU.Build.0 = Release|Any CPU
		{8E0392DC-CC5F-4DF0-B005-8AE148A8F312}.Release|x64.ActiveCfg = Release|x64
		{8E0392DC-CC5F-4DF0-B005-8AE148A8F312}.Release|x64.Build.0 = Release|x64
		{8B58391A-B4E5-40A1-9F75-57DBD8C3F61A}.Debug|Any CPU.ActiveCfg = Debug|Any CPU
		{8B58391A-B4E5-40A1-9F75-57DBD8C3F61A}.Debug|Any CPU.Build.0 = Debug|Any CPU
		{8B58391A-B4E5-40A1-9F75-57DBD8C3F61A}.Debug|x64.ActiveCfg = Debug|x64
		{8B58391A-B4E5-40A1-9F75-57DBD8C3F61A}.Debug|x64.Build.0 = Debug|x64
		{8B58391A-B4E5-40A1-9F75-57DBD8C3F61A}.Release|Any CPU.ActiveCfg = Release|Any CPU
		{8B58391A-B4E5-40A1-9F75-57DBD8C3F61A}.Release|Any CPU.Build.0 = Release|Any CPU
		{8B58391A-B4E5-40A1-9F75-57DBD8C3F61A}.Release|x64.ActiveCfg = Release|x64
		{8B58391A-B4E5-40A1-9F75-57DBD8C3F61A}.Release|x64.Build.0 = Release|x64
		{E7A1FA35-AADB-4159-B5DA-23341C12D953}.Debug|Any CPU.ActiveCfg = Debug|Any CPU
		{E7A1FA35-AADB-4159-B5DA-23341C12D953}.Debug|Any CPU.Build.0 = Debug|Any CPU
		{E7A1FA35-AADB-4159-B5DA-23341C12D953}.Debug|x64.ActiveCfg = Debug|x64
		{E7A1FA35-AADB-4159-B5DA-23341C12D953}.Debug|x64.Build.0 = Debug|x64
		{E7A1FA35-AADB-4159-B5DA-23341C12D953}.Release|Any CPU.ActiveCfg = Release|Any CPU
		{E7A1FA35-AADB-4159-B5DA-23341C12D953}.Release|Any CPU.Build.0 = Release|Any CPU
		{E7A1FA35-AADB-4159-B5DA-23341C12D953}.Release|x64.ActiveCfg = Release|x64
		{E7A1FA35-AADB-4159-B5DA-23341C12D953}.Release|x64.Build.0 = Release|x64
		{2CFC4961-192F-455B-86EA-F9AB0CFA7BB6}.Debug|Any CPU.ActiveCfg = Debug|Any CPU
		{2CFC4961-192F-455B-86EA-F9AB0CFA7BB6}.Debug|Any CPU.Build.0 = Debug|Any CPU
		{2CFC4961-192F-455B-86EA-F9AB0CFA7BB6}.Debug|x64.ActiveCfg = Debug|x64
		{2CFC4961-192F-455B-86EA-F9AB0CFA7BB6}.Debug|x64.Build.0 = Debug|x64
		{2CFC4961-192F-455B-86EA-F9AB0CFA7BB6}.Release|Any CPU.ActiveCfg = Release|Any CPU
		{2CFC4961-192F-455B-86EA-F9AB0CFA7BB6}.Release|Any CPU.Build.0 = Release|Any CPU
		{2CFC4961-192F-455B-86EA-F9AB0CFA7BB6}.Release|x64.ActiveCfg = Release|x64
		{2CFC4961-192F-455B-86EA-F9AB0CFA7BB6}.Release|x64.Build.0 = Release|x64
		{339A6D04-5237-4C3A-A307-98CE216B386A}.Debug|Any CPU.ActiveCfg = Debug|Any CPU
		{339A6D04-5237-4C3A-A307-98CE216B386A}.Debug|Any CPU.Build.0 = Debug|Any CPU
		{339A6D04-5237-4C3A-A307-98CE216B386A}.Debug|x64.ActiveCfg = Debug|Any CPU
		{339A6D04-5237-4C3A-A307-98CE216B386A}.Debug|x64.Build.0 = Debug|Any CPU
		{339A6D04-5237-4C3A-A307-98CE216B386A}.Release|Any CPU.ActiveCfg = Release|Any CPU
		{339A6D04-5237-4C3A-A307-98CE216B386A}.Release|Any CPU.Build.0 = Release|Any CPU
		{339A6D04-5237-4C3A-A307-98CE216B386A}.Release|x64.ActiveCfg = Release|Any CPU
		{339A6D04-5237-4C3A-A307-98CE216B386A}.Release|x64.Build.0 = Release|Any CPU
		{1306F9EC-D151-4C6D-A8C3-B5F5A718F136}.Debug|Any CPU.ActiveCfg = Debug|Any CPU
		{1306F9EC-D151-4C6D-A8C3-B5F5A718F136}.Debug|Any CPU.Build.0 = Debug|Any CPU
		{1306F9EC-D151-4C6D-A8C3-B5F5A718F136}.Debug|x64.ActiveCfg = Debug|Any CPU
		{1306F9EC-D151-4C6D-A8C3-B5F5A718F136}.Debug|x64.Build.0 = Debug|Any CPU
		{1306F9EC-D151-4C6D-A8C3-B5F5A718F136}.Release|Any CPU.ActiveCfg = Release|Any CPU
		{1306F9EC-D151-4C6D-A8C3-B5F5A718F136}.Release|Any CPU.Build.0 = Release|Any CPU
		{1306F9EC-D151-4C6D-A8C3-B5F5A718F136}.Release|x64.ActiveCfg = Release|Any CPU
		{1306F9EC-D151-4C6D-A8C3-B5F5A718F136}.Release|x64.Build.0 = Release|Any CPU
	EndGlobalSection
	GlobalSection(SolutionProperties) = preSolution
		HideSolutionNode = FALSE
	EndGlobalSection
	GlobalSection(NestedProjects) = preSolution
		{1306F9EC-D151-4C6D-A8C3-B5F5A718F136} = {793A9D87-B24B-4859-B01E-0CDDCB38C572}
	EndGlobalSection
	GlobalSection(ExtensibilityGlobals) = postSolution
		SolutionGuid = {14AA5DF3-CF6C-4E14-BECA-F1C1606C3CF1}
	EndGlobalSection
EndGlobal
